// !$*UTF8*$!
{
	archiveVersion = 1;
	classes = {
	};
	objectVersion = 55;
	objects = {

/* Begin PBXBuildFile section */
		CAAB62A42670BD5D00C5E444 /* WWDC21SwifUIApp.swift in Sources */ = {isa = PBXBuildFile; fileRef = CAAB62A32670BD5D00C5E444 /* WWDC21SwifUIApp.swift */; };
		CAAB62A82670BD5E00C5E444 /* Assets.xcassets in Resources */ = {isa = PBXBuildFile; fileRef = CAAB62A72670BD5E00C5E444 /* Assets.xcassets */; };
		CAAB62AB2670BD5E00C5E444 /* Preview Assets.xcassets in Resources */ = {isa = PBXBuildFile; fileRef = CAAB62AA2670BD5E00C5E444 /* Preview Assets.xcassets */; };
		CAAB62B22670BD8C00C5E444 /* AsyncImage.swift in Sources */ = {isa = PBXBuildFile; fileRef = CAAB62B12670BD8C00C5E444 /* AsyncImage.swift */; };
		CAAB62B42670D0DA00C5E444 /* ListImageAsync.swift in Sources */ = {isa = PBXBuildFile; fileRef = CAAB62B32670D0DA00C5E444 /* ListImageAsync.swift */; };
		CAFB61642670EFDE00944ACD /* ListActions.swift in Sources */ = {isa = PBXBuildFile; fileRef = CAFB61632670EFDE00944ACD /* ListActions.swift */; };
/* End PBXBuildFile section */

/* Begin PBXFileReference section */
		CAAB62A02670BD5D00C5E444 /* WWDC21SwifUI.app */ = {isa = PBXFileReference; explicitFileType = wrapper.application; includeInIndex = 0; path = WWDC21SwifUI.app; sourceTree = BUILT_PRODUCTS_DIR; };
		CAAB62A32670BD5D00C5E444 /* WWDC21SwifUIApp.swift */ = {isa = PBXFileReference; lastKnownFileType = sourcecode.swift; path = WWDC21SwifUIApp.swift; sourceTree = "<group>"; };
		CAAB62A72670BD5E00C5E444 /* Assets.xcassets */ = {isa = PBXFileReference; lastKnownFileType = folder.assetcatalog; path = Assets.xcassets; sourceTree = "<group>"; };
		CAAB62AA2670BD5E00C5E444 /* Preview Assets.xcassets */ = {isa = PBXFileReference; lastKnownFileType = folder.assetcatalog; path = "Preview Assets.xcassets"; sourceTree = "<group>"; };
		CAAB62B12670BD8C00C5E444 /* AsyncImage.swift */ = {isa = PBXFileReference; lastKnownFileType = sourcecode.swift; path = AsyncImage.swift; sourceTree = "<group>"; };
		CAAB62B32670D0DA00C5E444 /* ListImageAsync.swift */ = {isa = PBXFileReference; lastKnownFileType = sourcecode.swift; path = ListImageAsync.swift; sourceTree = "<group>"; };
		CAFB61632670EFDE00944ACD /* ListActions.swift */ = {isa = PBXFileReference; lastKnownFileType = sourcecode.swift; path = ListActions.swift; sourceTree = "<group>"; };
/* End PBXFileReference section */

/* Begin PBXFrameworksBuildPhase section */
		CAAB629D2670BD5D00C5E444 /* Frameworks */ = {
			isa = PBXFrameworksBuildPhase;
			buildActionMask = 2147483647;
			files = (
			);
			runOnlyForDeploymentPostprocessing = 0;
		};
/* End PBXFrameworksBuildPhase section */

/* Begin PBXGroup section */
		CAAB62972670BD5D00C5E444 = {
			isa = PBXGroup;
			children = (
				CAAB62A22670BD5D00C5E444 /* WWDC21SwifUI */,
				CAAB62A12670BD5D00C5E444 /* Products */,
			);
			sourceTree = "<group>";
		};
		CAAB62A12670BD5D00C5E444 /* Products */ = {
			isa = PBXGroup;
			children = (
				CAAB62A02670BD5D00C5E444 /* WWDC21SwifUI.app */,
			);
			name = Products;
			sourceTree = "<group>";
		};
		CAAB62A22670BD5D00C5E444 /* WWDC21SwifUI */ = {
			isa = PBXGroup;
			children = (
				CAAB62A32670BD5D00C5E444 /* WWDC21SwifUIApp.swift */,
				CAAB62B12670BD8C00C5E444 /* AsyncImage.swift */,
				CAAB62B32670D0DA00C5E444 /* ListImageAsync.swift */,
				CAFB61632670EFDE00944ACD /* ListActions.swift */,
				CAAB62A72670BD5E00C5E444 /* Assets.xcassets */,
				CAAB62A92670BD5E00C5E444 /* Preview Content */,
			);
			path = WWDC21SwifUI;
			sourceTree = "<group>";
		};
		CAAB62A92670BD5E00C5E444 /* Preview Content */ = {
			isa = PBXGroup;
			children = (
				CAAB62AA2670BD5E00C5E444 /* Preview Assets.xcassets */,
			);
			path = "Preview Content";
			sourceTree = "<group>";
		};
/* End PBXGroup section */

/* Begin PBXNativeTarget section */
		CAAB629F2670BD5D00C5E444 /* WWDC21SwifUI */ = {
			isa = PBXNativeTarget;
			buildConfigurationList = CAAB62AE2670BD5E00C5E444 /* Build configuration list for PBXNativeTarget "WWDC21SwifUI" */;
			buildPhases = (
				CAAB629C2670BD5D00C5E444 /* Sources */,
				CAAB629D2670BD5D00C5E444 /* Frameworks */,
				CAAB629E2670BD5D00C5E444 /* Resources */,
			);
			buildRules = (
			);
			dependencies = (
			);
			name = WWDC21SwifUI;
			productName = WWDC21SwifUI;
			productReference = CAAB62A02670BD5D00C5E444 /* WWDC21SwifUI.app */;
			productType = "com.apple.product-type.application";
		};
/* End PBXNativeTarget section */

/* Begin PBXProject section */
		CAAB62982670BD5D00C5E444 /* Project object */ = {
			isa = PBXProject;
			attributes = {
				BuildIndependentTargetsInParallel = 1;
				LastSwiftUpdateCheck = 1300;
				LastUpgradeCheck = 1300;
				TargetAttributes = {
					CAAB629F2670BD5D00C5E444 = {
						CreatedOnToolsVersion = 13.0;
					};
				};
			};
			buildConfigurationList = CAAB629B2670BD5D00C5E444 /* Build configuration list for PBXProject "WWDC21SwifUI" */;
			compatibilityVersion = "Xcode 13.0";
			developmentRegion = en;
			hasScannedForEncodings = 0;
			knownRegions = (
				en,
				Base,
			);
			mainGroup = CAAB62972670BD5D00C5E444;
			productRefGroup = CAAB62A12670BD5D00C5E444 /* Products */;
			projectDirPath = "";
			projectRoot = "";
			targets = (
				CAAB629F2670BD5D00C5E444 /* WWDC21SwifUI */,
			);
		};
/* End PBXProject section */

/* Begin PBXResourcesBuildPhase section */
		CAAB629E2670BD5D00C5E444 /* Resources */ = {
			isa = PBXResourcesBuildPhase;
			buildActionMask = 2147483647;
			files = (
				CAAB62AB2670BD5E00C5E444 /* Preview Assets.xcassets in Resources */,
				CAAB62A82670BD5E00C5E444 /* Assets.xcassets in Resources */,
			);
			runOnlyForDeploymentPostprocessing = 0;
		};
/* End PBXResourcesBuildPhase section */

/* Begin PBXSourcesBuildPhase section */
		CAAB629C2670BD5D00C5E444 /* Sources */ = {
			isa = PBXSourcesBuildPhase;
			buildActionMask = 2147483647;
			files = (
				CAAB62B42670D0DA00C5E444 /* ListImageAsync.swift in Sources */,
				CAFB61642670EFDE00944ACD /* ListActions.swift in Sources */,
				CAAB62B22670BD8C00C5E444 /* AsyncImage.swift in Sources */,
				CAAB62A42670BD5D00C5E444 /* WWDC21SwifUIApp.swift in Sources */,
			);
			runOnlyForDeploymentPostprocessing = 0;
		};
/* End PBXSourcesBuildPhase section */

/* Begin XCBuildConfiguration section */
		CAAB62AC2670BD5E00C5E444 /* Debug */ = {
			isa = XCBuildConfiguration;
			buildSettings = {
				ALWAYS_SEARCH_USER_PATHS = NO;
				CLANG_ANALYZER_NONNULL = YES;
				CLANG_ANALYZER_NUMBER_OBJECT_CONVERSION = YES_AGGRESSIVE;
				CLANG_CXX_LANGUAGE_STANDARD = "gnu++14";
				CLANG_CXX_LIBRARY = "libc++";
				CLANG_ENABLE_MODULES = YES;
				CLANG_ENABLE_OBJC_ARC = YES;
				CLANG_ENABLE_OBJC_WEAK = YES;
				CLANG_WARN_BLOCK_CAPTURE_AUTORELEASING = YES;
				CLANG_WARN_BOOL_CONVERSION = YES;
				CLANG_WARN_COMMA = YES;
				CLANG_WARN_CONSTANT_CONVERSION = YES;
				CLANG_WARN_DEPRECATED_OBJC_IMPLEMENTATIONS = YES;
				CLANG_WARN_DIRECT_OBJC_ISA_USAGE = YES_ERROR;
				CLANG_WARN_DOCUMENTATION_COMMENTS = YES;
				CLANG_WARN_EMPTY_BODY = YES;
				CLANG_WARN_ENUM_CONVERSION = YES;
				CLANG_WARN_INFINITE_RECURSION = YES;
				CLANG_WARN_INT_CONVERSION = YES;
				CLANG_WARN_NON_LITERAL_NULL_CONVERSION = YES;
				CLANG_WARN_OBJC_IMPLICIT_RETAIN_SELF = YES;
				CLANG_WARN_OBJC_LITERAL_CONVERSION = YES;
				CLANG_WARN_OBJC_ROOT_CLASS = YES_ERROR;
				CLANG_WARN_QUOTED_INCLUDE_IN_FRAMEWORK_HEADER = YES;
				CLANG_WARN_RANGE_LOOP_ANALYSIS = YES;
				CLANG_WARN_STRICT_PROTOTYPES = YES;
				CLANG_WARN_SUSPICIOUS_MOVE = YES;
				CLANG_WARN_UNGUARDED_AVAILABILITY = YES_AGGRESSIVE;
				CLANG_WARN_UNREACHABLE_CODE = YES;
				CLANG_WARN__DUPLICATE_METHOD_MATCH = YES;
				COPY_PHASE_STRIP = NO;
				DEBUG_INFORMATION_FORMAT = dwarf;
				ENABLE_STRICT_OBJC_MSGSEND = YES;
				ENABLE_TESTABILITY = YES;
				GCC_C_LANGUAGE_STANDARD = gnu11;
				GCC_DYNAMIC_NO_PIC = NO;
				GCC_NO_COMMON_BLOCKS = YES;
				GCC_OPTIMIZATION_LEVEL = 0;
				GCC_PREPROCESSOR_DEFINITIONS = (
					"DEBUG=1",
					"$(inherited)",
				);
				GCC_WARN_64_TO_32_BIT_CONVERSION = YES;
				GCC_WARN_ABOUT_RETURN_TYPE = YES_ERROR;
				GCC_WARN_UNDECLARED_SELECTOR = YES;
				GCC_WARN_UNINITIALIZED_AUTOS = YES_AGGRESSIVE;
				GCC_WARN_UNUSED_FUNCTION = YES;
				GCC_WARN_UNUSED_VARIABLE = YES;
				IPHONEOS_DEPLOYMENT_TARGET = 15.0;
				MTL_ENABLE_DEBUG_INFO = INCLUDE_SOURCE;
				MTL_FAST_MATH = YES;
				ONLY_ACTIVE_ARCH = YES;
				SDKROOT = iphoneos;
				SWIFT_ACTIVE_COMPILATION_CONDITIONS = DEBUG;
				SWIFT_OPTIMIZATION_LEVEL = "-Onone";
			};
			name = Debug;
		};
		CAAB62AD2670BD5E00C5E444 /* Release */ = {
			isa = XCBuildConfiguration;
			buildSettings = {
				ALWAYS_SEARCH_USER_PATHS = NO;
				CLANG_ANALYZER_NONNULL = YES;
				CLANG_ANALYZER_NUMBER_OBJECT_CONVERSION = YES_AGGRESSIVE;
				CLANG_CXX_LANGUAGE_STANDARD = "gnu++14";
				CLANG_CXX_LIBRARY = "libc++";
				CLANG_ENABLE_MODULES = YES;
				CLANG_ENABLE_OBJC_ARC = YES;
				CLANG_ENABLE_OBJC_WEAK = YES;
				CLANG_WARN_BLOCK_CAPTURE_AUTORELEASING = YES;
				CLANG_WARN_BOOL_CONVERSION = YES;
				CLANG_WARN_COMMA = YES;
				CLANG_WARN_CONSTANT_CONVERSION = YES;
				CLANG_WARN_DEPRECATED_OBJC_IMPLEMENTATIONS = YES;
				CLANG_WARN_DIRECT_OBJC_ISA_USAGE = YES_ERROR;
				CLANG_WARN_DOCUMENTATION_COMMENTS = YES;
				CLANG_WARN_EMPTY_BODY = YES;
				CLANG_WARN_ENUM_CONVERSION = YES;
				CLANG_WARN_INFINITE_RECURSION = YES;
				CLANG_WARN_INT_CONVERSION = YES;
				CLANG_WARN_NON_LITERAL_NULL_CONVERSION = YES;
				CLANG_WARN_OBJC_IMPLICIT_RETAIN_SELF = YES;
				CLANG_WARN_OBJC_LITERAL_CONVERSION = YES;
				CLANG_WARN_OBJC_ROOT_CLASS = YES_ERROR;
				CLANG_WARN_QUOTED_INCLUDE_IN_FRAMEWORK_HEADER = YES;
				CLANG_WARN_RANGE_LOOP_ANALYSIS = YES;
				CLANG_WARN_STRICT_PROTOTYPES = YES;
				CLANG_WARN_SUSPICIOUS_MOVE = YES;
				CLANG_WARN_UNGUARDED_AVAILABILITY = YES_AGGRESSIVE;
				CLANG_WARN_UNREACHABLE_CODE = YES;
				CLANG_WARN__DUPLICATE_METHOD_MATCH = YES;
				COPY_PHASE_STRIP = NO;
				DEBUG_INFORMATION_FORMAT = "dwarf-with-dsym";
				ENABLE_NS_ASSERTIONS = NO;
				ENABLE_STRICT_OBJC_MSGSEND = YES;
				GCC_C_LANGUAGE_STANDARD = gnu11;
				GCC_NO_COMMON_BLOCKS = YES;
				GCC_WARN_64_TO_32_BIT_CONVERSION = YES;
				GCC_WARN_ABOUT_RETURN_TYPE = YES_ERROR;
				GCC_WARN_UNDECLARED_SELECTOR = YES;
				GCC_WARN_UNINITIALIZED_AUTOS = YES_AGGRESSIVE;
				GCC_WARN_UNUSED_FUNCTION = YES;
				GCC_WARN_UNUSED_VARIABLE = YES;
				IPHONEOS_DEPLOYMENT_TARGET = 15.0;
				MTL_ENABLE_DEBUG_INFO = NO;
				MTL_FAST_MATH = YES;
				SDKROOT = iphoneos;
				SWIFT_COMPILATION_MODE = wholemodule;
				SWIFT_OPTIMIZATION_LEVEL = "-O";
				VALIDATE_PRODUCT = YES;
			};
			name = Release;
		};
		CAAB62AF2670BD5E00C5E444 /* Debug */ = {
			isa = XCBuildConfiguration;
			buildSettings = {
				ASSETCATALOG_COMPILER_APPICON_NAME = AppIcon;
				ASSETCATALOG_COMPILER_GLOBAL_ACCENT_COLOR_NAME = AccentColor;
				CODE_SIGN_STYLE = Automatic;
				CURRENT_PROJECT_VERSION = 1;
				DEVELOPMENT_ASSET_PATHS = "\"WWDC21SwifUI/Preview Content\"";
				DEVELOPMENT_TEAM = NAKVM6YWDQ;
				ENABLE_PREVIEWS = YES;
				GENERATE_INFOPLIST_FILE = YES;
				INFOPLIST_KEY_UIApplicationSceneManifest_Generation = YES;
				INFOPLIST_KEY_UIApplicationSupportsIndirectInputEvents = YES;
				INFOPLIST_KEY_UILaunchScreen_Generation = YES;
				INFOPLIST_KEY_UISupportedInterfaceOrientations_iPad = "UIInterfaceOrientationPortrait UIInterfaceOrientationPortraitUpsideDown UIInterfaceOrientationLandscapeLeft UIInterfaceOrientationLandscapeRight";
				INFOPLIST_KEY_UISupportedInterfaceOrientations_iPhone = "UIInterfaceOrientationPortrait UIInterfaceOrientationLandscapeLeft UIInterfaceOrientationLandscapeRight";
				IPHONEOS_DEPLOYMENT_TARGET = 14.0;
				LD_RUNPATH_SEARCH_PATHS = (
					"$(inherited)",
					"@executable_path/Frameworks",
				);
				MARKETING_VERSION = 1.0;
				PRODUCT_BUNDLE_IDENTIFIER = com.milosmalovic11.WWDC21SwifUI;
				PRODUCT_NAME = "$(TARGET_NAME)";
				SWIFT_EMIT_LOC_STRINGS = YES;
				SWIFT_VERSION = 5.0;
				TARGETED_DEVICE_FAMILY = "1,2";
			};
			name = Debug;
		};
		CAAB62B02670BD5E00C5E444 /* Release */ = {
			isa = XCBuildConfiguration;
			buildSettings = {
				ASSETCATALOG_COMPILER_APPICON_NAME = AppIcon;
				ASSETCATALOG_COMPILER_GLOBAL_ACCENT_COLOR_NAME = AccentColor;
				CODE_SIGN_STYLE = Automatic;
				CURRENT_PROJECT_VERSION = 1;
				DEVELOPMENT_ASSET_PATHS = "\"WWDC21SwifUI/Preview Content\"";
				DEVELOPMENT_TEAM = NAKVM6YWDQ;
				ENABLE_PREVIEWS = YES;
				GENERATE_INFOPLIST_FILE = YES;
				INFOPLIST_KEY_UIApplicationSceneManifest_Generation = YES;
				INFOPLIST_KEY_UIApplicationSupportsIndirectInputEvents = YES;
				INFOPLIST_KEY_UILaunchScreen_Generation = YES;
				INFOPLIST_KEY_UISupportedInterfaceOrientations_iPad = "UIInterfaceOrientationPortrait UIInterfaceOrientationPortraitUpsideDown UIInterfaceOrientationLandscapeLeft UIInterfaceOrientationLandscapeRight";
				INFOPLIST_KEY_UISupportedInterfaceOrientations_iPhone = "UIInterfaceOrientationPortrait UIInterfaceOrientationLandscapeLeft UIInterfaceOrientationLandscapeRight";
				IPHONEOS_DEPLOYMENT_TARGET = 14.0;
				LD_RUNPATH_SEARCH_PATHS = (
					"$(inherited)",
					"@executable_path/Frameworks",
				);
				MARKETING_VERSION = 1.0;
				PRODUCT_BUNDLE_IDENTIFIER = com.milosmalovic11.WWDC21SwifUI;
				PRODUCT_NAME = "$(TARGET_NAME)";
				SWIFT_EMIT_LOC_STRINGS = YES;
				SWIFT_VERSION = 5.0;
				TARGETED_DEVICE_FAMILY = "1,2";
			};
			name = Release;
		};
/* End XCBuildConfiguration section */

/* Begin XCConfigurationList section */
		CAAB629B2670BD5D00C5E444 /* Build configuration list for PBXProject "WWDC21SwifUI" */ = {
			isa = XCConfigurationList;
			buildConfigurations = (
				CAAB62AC2670BD5E00C5E444 /* Debug */,
				CAAB62AD2670BD5E00C5E444 /* Release */,
			);
			defaultConfigurationIsVisible = 0;
			defaultConfigurationName = Release;
		};
		CAAB62AE2670BD5E00C5E444 /* Build configuration list for PBXNativeTarget "WWDC21SwifUI" */ = {
			isa = XCConfigurationList;
			buildConfigurations = (
				CAAB62AF2670BD5E00C5E444 /* Debug */,
				CAAB62B02670BD5E00C5E444 /* Release */,
			);
			defaultConfigurationIsVisible = 0;
			defaultConfigurationName = Release;
		};
/* End XCConfigurationList section */
	};
	rootObject = CAAB62982670BD5D00C5E444 /* Project object */;
}
